// !$*UTF8*$!
{
	archiveVersion = 1;
	classes = {
	};
	objectVersion = 48;
	objects = {

/* Begin PBXBuildFile section */
		9387693A2059257D00D227EB /* AppDelegate.swift in Sources */ = {isa = PBXBuildFile; fileRef = 938769392059257D00D227EB /* AppDelegate.swift */; };
		9387693C2059257D00D227EB /* ViewController.swift in Sources */ = {isa = PBXBuildFile; fileRef = 9387693B2059257D00D227EB /* ViewController.swift */; };
		9387693F2059257D00D227EB /* Main.storyboard in Resources */ = {isa = PBXBuildFile; fileRef = 9387693D2059257D00D227EB /* Main.storyboard */; };
		938769412059257D00D227EB /* Assets.xcassets in Resources */ = {isa = PBXBuildFile; fileRef = 938769402059257D00D227EB /* Assets.xcassets */; };
		938769442059257D00D227EB /* LaunchScreen.storyboard in Resources */ = {isa = PBXBuildFile; fileRef = 938769422059257D00D227EB /* LaunchScreen.storyboard */; };
		9387694F2059257D00D227EB /* SizeClassTestTests.swift in Sources */ = {isa = PBXBuildFile; fileRef = 9387694E2059257D00D227EB /* SizeClassTestTests.swift */; };
		9387695A2059257D00D227EB /* SizeClassTestUITests.swift in Sources */ = {isa = PBXBuildFile; fileRef = 938769592059257D00D227EB /* SizeClassTestUITests.swift */; };
/* End PBXBuildFile section */

/* Begin PBXContainerItemProxy section */
		9387694B2059257D00D227EB /* PBXContainerItemProxy */ = {
			isa = PBXContainerItemProxy;
			containerPortal = 9387692E2059257D00D227EB /* Project object */;
			proxyType = 1;
			remoteGlobalIDString = 938769352059257D00D227EB;
			remoteInfo = SizeClassTest;
		};
		938769562059257D00D227EB /* PBXContainerItemProxy */ = {
			isa = PBXContainerItemProxy;
			containerPortal = 9387692E2059257D00D227EB /* Project object */;
			proxyType = 1;
			remoteGlobalIDString = 938769352059257D00D227EB;
			remoteInfo = SizeClassTest;
		};
/* End PBXContainerItemProxy section */

/* Begin PBXFileReference section */
		938769362059257D00D227EB /* SizeClassTest.app */ = {isa = PBXFileReference; explicitFileType = wrapper.application; includeInIndex = 0; path = SizeClassTest.app; sourceTree = BUILT_PRODUCTS_DIR; };
		938769392059257D00D227EB /* AppDelegate.swift */ = {isa = PBXFileReference; lastKnownFileType = sourcecode.swift; path = AppDelegate.swift; sourceTree = "<group>"; };
		9387693B2059257D00D227EB /* ViewController.swift */ = {isa = PBXFileReference; lastKnownFileType = sourcecode.swift; path = ViewController.swift; sourceTree = "<group>"; };
		9387693E2059257D00D227EB /* Base */ = {isa = PBXFileReference; lastKnownFileType = file.storyboard; name = Base; path = Base.lproj/Main.storyboard; sourceTree = "<group>"; };
		938769402059257D00D227EB /* Assets.xcassets */ = {isa = PBXFileReference; lastKnownFileType = folder.assetcatalog; path = Assets.xcassets; sourceTree = "<group>"; };
		938769432059257D00D227EB /* Base */ = {isa = PBXFileReference; lastKnownFileType = file.storyboard; name = Base; path = Base.lproj/LaunchScreen.storyboard; sourceTree = "<group>"; };
		938769452059257D00D227EB /* Info.plist */ = {isa = PBXFileReference; lastKnownFileType = text.plist.xml; path = Info.plist; sourceTree = "<group>"; };
		9387694A2059257D00D227EB /* SizeClassTestTests.xctest */ = {isa = PBXFileReference; explicitFileType = wrapper.cfbundle; includeInIndex = 0; path = SizeClassTestTests.xctest; sourceTree = BUILT_PRODUCTS_DIR; };
		9387694E2059257D00D227EB /* SizeClassTestTests.swift */ = {isa = PBXFileReference; lastKnownFileType = sourcecode.swift; path = SizeClassTestTests.swift; sourceTree = "<group>"; };
		938769502059257D00D227EB /* Info.plist */ = {isa = PBXFileReference; lastKnownFileType = text.plist.xml; path = Info.plist; sourceTree = "<group>"; };
		938769552059257D00D227EB /* SizeClassTestUITests.xctest */ = {isa = PBXFileReference; explicitFileType = wrapper.cfbundle; includeInIndex = 0; path = SizeClassTestUITests.xctest; sourceTree = BUILT_PRODUCTS_DIR; };
		938769592059257D00D227EB /* SizeClassTestUITests.swift */ = {isa = PBXFileReference; lastKnownFileType = sourcecode.swift; path = SizeClassTestUITests.swift; sourceTree = "<group>"; };
		9387695B2059257D00D227EB /* Info.plist */ = {isa = PBXFileReference; lastKnownFileType = text.plist.xml; path = Info.plist; sourceTree = "<group>"; };
/* End PBXFileReference section */

/* Begin PBXFrameworksBuildPhase section */
		938769332059257D00D227EB /* Frameworks */ = {
			isa = PBXFrameworksBuildPhase;
			buildActionMask = 2147483647;
			files = (
			);
			runOnlyForDeploymentPostprocessing = 0;
		};
		938769472059257D00D227EB /* Frameworks */ = {
			isa = PBXFrameworksBuildPhase;
			buildActionMask = 2147483647;
			files = (
			);
			runOnlyForDeploymentPostprocessing = 0;
		};
		938769522059257D00D227EB /* Frameworks */ = {
			isa = PBXFrameworksBuildPhase;
			buildActionMask = 2147483647;
			files = (
			);
			runOnlyForDeploymentPostprocessing = 0;
		};
/* End PBXFrameworksBuildPhase section */

/* Begin PBXGroup section */
		9387692D2059257D00D227EB = {
			isa = PBXGroup;
			children = (
				938769382059257D00D227EB /* SizeClassTest */,
				9387694D2059257D00D227EB /* SizeClassTestTests */,
				938769582059257D00D227EB /* SizeClassTestUITests */,
				938769372059257D00D227EB /* Products */,
			);
			sourceTree = "<group>";
		};
		938769372059257D00D227EB /* Products */ = {
			isa = PBXGroup;
			children = (
				938769362059257D00D227EB /* SizeClassTest.app */,
				9387694A2059257D00D227EB /* SizeClassTestTests.xctest */,
				938769552059257D00D227EB /* SizeClassTestUITests.xctest */,
			);
			name = Products;
			sourceTree = "<group>";
		};
		938769382059257D00D227EB /* SizeClassTest */ = {
			isa = PBXGroup;
			children = (
				938769392059257D00D227EB /* AppDelegate.swift */,
				9387693B2059257D00D227EB /* ViewController.swift */,
				9387693D2059257D00D227EB /* Main.storyboard */,
				938769402059257D00D227EB /* Assets.xcassets */,
				938769422059257D00D227EB /* LaunchScreen.storyboard */,
				938769452059257D00D227EB /* Info.plist */,
			);
			path = SizeClassTest;
			sourceTree = "<group>";
		};
		9387694D2059257D00D227EB /* SizeClassTestTests */ = {
			isa = PBXGroup;
			children = (
				9387694E2059257D00D227EB /* SizeClassTestTests.swift */,
				938769502059257D00D227EB /* Info.plist */,
			);
			path = SizeClassTestTests;
			sourceTree = "<group>";
		};
		938769582059257D00D227EB /* SizeClassTestUITests */ = {
			isa = PBXGroup;
			children = (
				938769592059257D00D227EB /* SizeClassTestUITests.swift */,
				9387695B2059257D00D227EB /* Info.plist */,
			);
			path = SizeClassTestUITests;
			sourceTree = "<group>";
		};
/* End PBXGroup section */

/* Begin PBXNativeTarget section */
		938769352059257D00D227EB /* SizeClassTest */ = {
			isa = PBXNativeTarget;
			buildConfigurationList = 9387695E2059257D00D227EB /* Build configuration list for PBXNativeTarget "SizeClassTest" */;
			buildPhases = (
				938769322059257D00D227EB /* Sources */,
				938769332059257D00D227EB /* Frameworks */,
				938769342059257D00D227EB /* Resources */,
			);
			buildRules = (
			);
			dependencies = (
			);
			name = SizeClassTest;
			productName = SizeClassTest;
			productReference = 938769362059257D00D227EB /* SizeClassTest.app */;
			productType = "com.apple.product-type.application";
		};
		938769492059257D00D227EB /* SizeClassTestTests */ = {
			isa = PBXNativeTarget;
			buildConfigurationList = 938769612059257D00D227EB /* Build configuration list for PBXNativeTarget "SizeClassTestTests" */;
			buildPhases = (
				938769462059257D00D227EB /* Sources */,
				938769472059257D00D227EB /* Frameworks */,
				938769482059257D00D227EB /* Resources */,
			);
			buildRules = (
			);
			dependencies = (
				9387694C2059257D00D227EB /* PBXTargetDependency */,
			);
			name = SizeClassTestTests;
			productName = SizeClassTestTests;
			productReference = 9387694A2059257D00D227EB /* SizeClassTestTests.xctest */;
			productType = "com.apple.product-type.bundle.unit-test";
		};
		938769542059257D00D227EB /* SizeClassTestUITests */ = {
			isa = PBXNativeTarget;
			buildConfigurationList = 938769642059257D00D227EB /* Build configuration list for PBXNativeTarget "SizeClassTestUITests" */;
			buildPhases = (
				938769512059257D00D227EB /* Sources */,
				938769522059257D00D227EB /* Frameworks */,
				938769532059257D00D227EB /* Resources */,
			);
			buildRules = (
			);
			dependencies = (
				938769572059257D00D227EB /* PBXTargetDependency */,
			);
			name = SizeClassTestUITests;
			productName = SizeClassTestUITests;
			productReference = 938769552059257D00D227EB /* SizeClassTestUITests.xctest */;
			productType = "com.apple.product-type.bundle.ui-testing";
		};
/* End PBXNativeTarget section */

/* Begin PBXProject section */
		9387692E2059257D00D227EB /* Project object */ = {
			isa = PBXProject;
			attributes = {
				LastSwiftUpdateCheck = 0920;
				LastUpgradeCheck = 0920;
				ORGANIZATIONNAME = Aaron;
				TargetAttributes = {
					938769352059257D00D227EB = {
						CreatedOnToolsVersion = 9.2;
						ProvisioningStyle = Automatic;
					};
					938769492059257D00D227EB = {
						CreatedOnToolsVersion = 9.2;
						ProvisioningStyle = Automatic;
						TestTargetID = 938769352059257D00D227EB;
					};
					938769542059257D00D227EB = {
						CreatedOnToolsVersion = 9.2;
						ProvisioningStyle = Automatic;
						TestTargetID = 938769352059257D00D227EB;
					};
				};
			};
			buildConfigurationList = 938769312059257D00D227EB /* Build configuration list for PBXProject "SizeClassTest" */;
			compatibilityVersion = "Xcode 8.0";
			developmentRegion = en;
			hasScannedForEncodings = 0;
			knownRegions = (
				en,
				Base,
			);
			mainGroup = 9387692D2059257D00D227EB;
			productRefGroup = 938769372059257D00D227EB /* Products */;
			projectDirPath = "";
			projectRoot = "";
			targets = (
				938769352059257D00D227EB /* SizeClassTest */,
				938769492059257D00D227EB /* SizeClassTestTests */,
				938769542059257D00D227EB /* SizeClassTestUITests */,
			);
		};
/* End PBXProject section */

/* Begin PBXResourcesBuildPhase section */
		938769342059257D00D227EB /* Resources */ = {
			isa = PBXResourcesBuildPhase;
			buildActionMask = 2147483647;
			files = (
				938769442059257D00D227EB /* LaunchScreen.storyboard in Resources */,
				938769412059257D00D227EB /* Assets.xcassets in Resources */,
				9387693F2059257D00D227EB /* Main.storyboard in Resources */,
			);
			runOnlyForDeploymentPostprocessing = 0;
		};
		938769482059257D00D227EB /* Resources */ = {
			isa = PBXResourcesBuildPhase;
			buildActionMask = 2147483647;
			files = (
			);
			runOnlyForDeploymentPostprocessing = 0;
		};
		938769532059257D00D227EB /* Resources */ = {
			isa = PBXResourcesBuildPhase;
			buildActionMask = 2147483647;
			files = (
			);
			runOnlyForDeploymentPostprocessing = 0;
		};
/* End PBXResourcesBuildPhase section */

/* Begin PBXSourcesBuildPhase section */
		938769322059257D00D227EB /* Sources */ = {
			isa = PBXSourcesBuildPhase;
			buildActionMask = 2147483647;
			files = (
				9387693C2059257D00D227EB /* ViewController.swift in Sources */,
				9387693A2059257D00D227EB /* AppDelegate.swift in Sources */,
			);
			runOnlyForDeploymentPostprocessing = 0;
		};
		938769462059257D00D227EB /* Sources */ = {
			isa = PBXSourcesBuildPhase;
			buildActionMask = 2147483647;
			files = (
				9387694F2059257D00D227EB /* SizeClassTestTests.swift in Sources */,
			);
			runOnlyForDeploymentPostprocessing = 0;
		};
		938769512059257D00D227EB /* Sources */ = {
			isa = PBXSourcesBuildPhase;
			buildActionMask = 2147483647;
			files = (
				9387695A2059257D00D227EB /* SizeClassTestUITests.swift in Sources */,
			);
			runOnlyForDeploymentPostprocessing = 0;
		};
/* End PBXSourcesBuildPhase section */

/* Begin PBXTargetDependency section */
		9387694C2059257D00D227EB /* PBXTargetDependency */ = {
			isa = PBXTargetDependency;
			target = 938769352059257D00D227EB /* SizeClassTest */;
			targetProxy = 9387694B2059257D00D227EB /* PBXContainerItemProxy */;
		};
		938769572059257D00D227EB /* PBXTargetDependency */ = {
			isa = PBXTargetDependency;
			target = 938769352059257D00D227EB /* SizeClassTest */;
			targetProxy = 938769562059257D00D227EB /* PBXContainerItemProxy */;
		};
/* End PBXTargetDependency section */

/* Begin PBXVariantGroup section */
		9387693D2059257D00D227EB /* Main.storyboard */ = {
			isa = PBXVariantGroup;
			children = (
				9387693E2059257D00D227EB /* Base */,
			);
			name = Main.storyboard;
			sourceTree = "<group>";
		};
		938769422059257D00D227EB /* LaunchScreen.storyboard */ = {
			isa = PBXVariantGroup;
			children = (
				938769432059257D00D227EB /* Base */,
			);
			name = LaunchScreen.storyboard;
			sourceTree = "<group>";
		};
/* End PBXVariantGroup section */

/* Begin XCBuildConfiguration section */
		9387695C2059257D00D227EB /* Debug */ = {
			isa = XCBuildConfiguration;
			buildSettings = {
				ALWAYS_SEARCH_USER_PATHS = NO;
				CLANG_ANALYZER_NONNULL = YES;
				CLANG_ANALYZER_NUMBER_OBJECT_CONVERSION = YES_AGGRESSIVE;
				CLANG_CXX_LANGUAGE_STANDARD = "gnu++14";
				CLANG_CXX_LIBRARY = "libc++";
				CLANG_ENABLE_MODULES = YES;
				CLANG_ENABLE_OBJC_ARC = YES;
				CLANG_WARN_BLOCK_CAPTURE_AUTORELEASING = YES;
				CLANG_WARN_BOOL_CONVERSION = YES;
				CLANG_WARN_COMMA = YES;
				CLANG_WARN_CONSTANT_CONVERSION = YES;
				CLANG_WARN_DIRECT_OBJC_ISA_USAGE = YES_ERROR;
				CLANG_WARN_DOCUMENTATION_COMMENTS = YES;
				CLANG_WARN_EMPTY_BODY = YES;
				CLANG_WARN_ENUM_CONVERSION = YES;
				CLANG_WARN_INFINITE_RECURSION = YES;
				CLANG_WARN_INT_CONVERSION = YES;
				CLANG_WARN_NON_LITERAL_NULL_CONVERSION = YES;
				CLANG_WARN_OBJC_LITERAL_CONVERSION = YES;
				CLANG_WARN_OBJC_ROOT_CLASS = YES_ERROR;
				CLANG_WARN_RANGE_LOOP_ANALYSIS = YES;
				CLANG_WARN_STRICT_PROTOTYPES = YES;
				CLANG_WARN_SUSPICIOUS_MOVE = YES;
				CLANG_WARN_UNGUARDED_AVAILABILITY = YES_AGGRESSIVE;
				CLANG_WARN_UNREACHABLE_CODE = YES;
				CLANG_WARN__DUPLICATE_METHOD_MATCH = YES;
				CODE_SIGN_IDENTITY = "iPhone Developer";
				COPY_PHASE_STRIP = NO;
				DEBUG_INFORMATION_FORMAT = dwarf;
				ENABLE_STRICT_OBJC_MSGSEND = YES;
				ENABLE_TESTABILITY = YES;
				GCC_C_LANGUAGE_STANDARD = gnu11;
				GCC_DYNAMIC_NO_PIC = NO;
				GCC_NO_COMMON_BLOCKS = YES;
				GCC_OPTIMIZATION_LEVEL = 0;
				GCC_PREPROCESSOR_DEFINITIONS = (
					"DEBUG=1",
					"$(inherited)",
				);
				GCC_WARN_64_TO_32_BIT_CONVERSION = YES;
				GCC_WARN_ABOUT_RETURN_TYPE = YES_ERROR;
				GCC_WARN_UNDECLARED_SELECTOR = YES;
				GCC_WARN_UNINITIALIZED_AUTOS = YES_AGGRESSIVE;
				GCC_WARN_UNUSED_FUNCTION = YES;
				GCC_WARN_UNUSED_VARIABLE = YES;
				IPHONEOS_DEPLOYMENT_TARGET = 11.2;
				MTL_ENABLE_DEBUG_INFO = YES;
				ONLY_ACTIVE_ARCH = YES;
				SDKROOT = iphoneos;
				SWIFT_ACTIVE_COMPILATION_CONDITIONS = DEBUG;
				SWIFT_OPTIMIZATION_LEVEL = "-Onone";
			};
			name = Debug;
		};
		9387695D2059257D00D227EB /* Release */ = {
			isa = XCBuildConfiguration;
			buildSettings = {
				ALWAYS_SEARCH_USER_PATHS = NO;
				CLANG_ANALYZER_NONNULL = YES;
				CLANG_ANALYZER_NUMBER_OBJECT_CONVERSION = YES_AGGRESSIVE;
				CLANG_CXX_LANGUAGE_STANDARD = "gnu++14";
				CLANG_CXX_LIBRARY = "libc++";
				CLANG_ENABLE_MODULES = YES;
				CLANG_ENABLE_OBJC_ARC = YES;
				CLANG_WARN_BLOCK_CAPTURE_AUTORELEASING = YES;
				CLANG_WARN_BOOL_CONVERSION = YES;
				CLANG_WARN_COMMA = YES;
				CLANG_WARN_CONSTANT_CONVERSION = YES;
				CLANG_WARN_DIRECT_OBJC_ISA_USAGE = YES_ERROR;
				CLANG_WARN_DOCUMENTATION_COMMENTS = YES;
				CLANG_WARN_EMPTY_BODY = YES;
				CLANG_WARN_ENUM_CONVERSION = YES;
				CLANG_WARN_INFINITE_RECURSION = YES;
				CLANG_WARN_INT_CONVERSION = YES;
				CLANG_WARN_NON_LITERAL_NULL_CONVERSION = YES;
				CLANG_WARN_OBJC_LITERAL_CONVERSION = YES;
				CLANG_WARN_OBJC_ROOT_CLASS = YES_ERROR;
				CLANG_WARN_RANGE_LOOP_ANALYSIS = YES;
				CLANG_WARN_STRICT_PROTOTYPES = YES;
				CLANG_WARN_SUSPICIOUS_MOVE = YES;
				CLANG_WARN_UNGUARDED_AVAILABILITY = YES_AGGRESSIVE;
				CLANG_WARN_UNREACHABLE_CODE = YES;
				CLANG_WARN__DUPLICATE_METHOD_MATCH = YES;
				CODE_SIGN_IDENTITY = "iPhone Developer";
				COPY_PHASE_STRIP = NO;
				DEBUG_INFORMATION_FORMAT = "dwarf-with-dsym";
				ENABLE_NS_ASSERTIONS = NO;
				ENABLE_STRICT_OBJC_MSGSEND = YES;
				GCC_C_LANGUAGE_STANDARD = gnu11;
				GCC_NO_COMMON_BLOCKS = YES;
				GCC_WARN_64_TO_32_BIT_CONVERSION = YES;
				GCC_WARN_ABOUT_RETURN_TYPE = YES_ERROR;
				GCC_WARN_UNDECLARED_SELECTOR = YES;
				GCC_WARN_UNINITIALIZED_AUTOS = YES_AGGRESSIVE;
				GCC_WARN_UNUSED_FUNCTION = YES;
				GCC_WARN_UNUSED_VARIABLE = YES;
				IPHONEOS_DEPLOYMENT_TARGET = 11.2;
				MTL_ENABLE_DEBUG_INFO = NO;
				SDKROOT = iphoneos;
				SWIFT_OPTIMIZATION_LEVEL = "-Owholemodule";
				VALIDATE_PRODUCT = YES;
			};
			name = Release;
		};
		9387695F2059257D00D227EB /* Debug */ = {
			isa = XCBuildConfiguration;
			buildSettings = {
				ASSETCATALOG_COMPILER_APPICON_NAME = AppIcon;
				CODE_SIGN_STYLE = Automatic;
				INFOPLIST_FILE = SizeClassTest/Info.plist;
				LD_RUNPATH_SEARCH_PATHS = "$(inherited) @executable_path/Frameworks";
				PRODUCT_BUNDLE_IDENTIFIER = com.aaron.oschina.SizeClassTest;
				PRODUCT_NAME = "$(TARGET_NAME)";
				SWIFT_VERSION = 4.0;
				TARGETED_DEVICE_FAMILY = "1,2";
			};
			name = Debug;
		};
		938769602059257D00D227EB /* Release */ = {
			isa = XCBuildConfiguration;
			buildSettings = {
				ASSETCATALOG_COMPILER_APPICON_NAME = AppIcon;
				CODE_SIGN_STYLE = Automatic;
				INFOPLIST_FILE = SizeClassTest/Info.plist;
				LD_RUNPATH_SEARCH_PATHS = "$(inherited) @executable_path/Frameworks";
				PRODUCT_BUNDLE_IDENTIFIER = com.aaron.oschina.SizeClassTest;
				PRODUCT_NAME = "$(TARGET_NAME)";
				SWIFT_VERSION = 4.0;
				TARGETED_DEVICE_FAMILY = "1,2";
			};
			name = Release;
		};
		938769622059257D00D227EB /* Debug */ = {
			isa = XCBuildConfiguration;
			buildSettings = {
				ALWAYS_EMBED_SWIFT_STANDARD_LIBRARIES = YES;
				BUNDLE_LOADER = "$(TEST_HOST)";
				CODE_SIGN_STYLE = Automatic;
				INFOPLIST_FILE = SizeClassTestTests/Info.plist;
				LD_RUNPATH_SEARCH_PATHS = "$(inherited) @executable_path/Frameworks @loader_path/Frameworks";
				PRODUCT_BUNDLE_IDENTIFIER = com.aaron.oschina.SizeClassTestTests;
				PRODUCT_NAME = "$(TARGET_NAME)";
				SWIFT_VERSION = 4.0;
				TARGETED_DEVICE_FAMILY = "1,2";
				TEST_HOST = "$(BUILT_PRODUCTS_DIR)/SizeClassTest.app/SizeClassTest";
			};
			name = Debug;
		};
		938769632059257D00D227EB /* Release */ = {
			isa = XCBuildConfiguration;
			buildSettings = {
				ALWAYS_EMBED_SWIFT_STANDARD_LIBRARIES = YES;
				BUNDLE_LOADER = "$(TEST_HOST)";
				CODE_SIGN_STYLE = Automatic;
				INFOPLIST_FILE = SizeClassTestTests/Info.plist;
				LD_RUNPATH_SEARCH_PATHS = "$(inherited) @executable_path/Frameworks @loader_path/Frameworks";
				PRODUCT_BUNDLE_IDENTIFIER = com.aaron.oschina.SizeClassTestTests;
				PRODUCT_NAME = "$(TARGET_NAME)";
				SWIFT_VERSION = 4.0;
				TARGETED_DEVICE_FAMILY = "1,2";
				TEST_HOST = "$(BUILT_PRODUCTS_DIR)/SizeClassTest.app/SizeClassTest";
			};
			name = Release;
		};
		938769652059257D00D227EB /* Debug */ = {
			isa = XCBuildConfiguration;
			buildSettings = {
				ALWAYS_EMBED_SWIFT_STANDARD_LIBRARIES = YES;
				CODE_SIGN_STYLE = Automatic;
				INFOPLIST_FILE = SizeClassTestUITests/Info.plist;
				LD_RUNPATH_SEARCH_PATHS = "$(inherited) @executable_path/Frameworks @loader_path/Frameworks";
				PRODUCT_BUNDLE_IDENTIFIER = com.aaron.oschina.SizeClassTestUITests;
				PRODUCT_NAME = "$(TARGET_NAME)";
				SWIFT_VERSION = 4.0;
				TARGETED_DEVICE_FAMILY = "1,2";
				TEST_TARGET_NAME = SizeClassTest;
			};
			name = Debug;
		};
		938769662059257D00D227EB /* Release */ = {
			isa = XCBuildConfiguration;
			buildSettings = {
				ALWAYS_EMBED_SWIFT_STANDARD_LIBRARIES = YES;
				CODE_SIGN_STYLE = Automatic;
				INFOPLIST_FILE = SizeClassTestUITests/Info.plist;
				LD_RUNPATH_SEARCH_PATHS = "$(inherited) @executable_path/Frameworks @loader_path/Frameworks";
				PRODUCT_BUNDLE_IDENTIFIER = com.aaron.oschina.SizeClassTestUITests;
				PRODUCT_NAME = "$(TARGET_NAME)";
				SWIFT_VERSION = 4.0;
				TARGETED_DEVICE_FAMILY = "1,2";
				TEST_TARGET_NAME = SizeClassTest;
			};
			name = Release;
		};
/* End XCBuildConfiguration section */

/* Begin XCConfigurationList section */
		938769312059257D00D227EB /* Build configuration list for PBXProject "SizeClassTest" */ = {
			isa = XCConfigurationList;
			buildConfigurations = (
				9387695C2059257D00D227EB /* Debug */,
				9387695D2059257D00D227EB /* Release */,
			);
			defaultConfigurationIsVisible = 0;
			defaultConfigurationName = Release;
		};
		9387695E2059257D00D227EB /* Build configuration list for PBXNativeTarget "SizeClassTest" */ = {
			isa = XCConfigurationList;
			buildConfigurations = (
				9387695F2059257D00D227EB /* Debug */,
				938769602059257D00D227EB /* Release */,
			);
			defaultConfigurationIsVisible = 0;
			defaultConfigurationName = Release;
		};
		938769612059257D00D227EB /* Build configuration list for PBXNativeTarget "SizeClassTestTests" */ = {
			isa = XCConfigurationList;
			buildConfigurations = (
				938769622059257D00D227EB /* Debug */,
				938769632059257D00D227EB /* Release */,
			);
			defaultConfigurationIsVisible = 0;
			defaultConfigurationName = Release;
		};
		938769642059257D00D227EB /* Build configuration list for PBXNativeTarget "SizeClassTestUITests" */ = {
			isa = XCConfigurationList;
			buildConfigurations = (
				938769652059257D00D227EB /* Debug */,
				938769662059257D00D227EB /* Release */,
			);
			defaultConfigurationIsVisible = 0;
			defaultConfigurationName = Release;
		};
/* End XCConfigurationList section */
	};
	rootObject = 9387692E2059257D00D227EB /* Project object */;
}
