// !$*UTF8*$!
{
	archiveVersion = 1;
	classes = {
	};
	objectVersion = 48;
	objects = {

/* Begin PBXBuildFile section */
		938768B8205905DE00D227EB /* AppDelegate.swift in Sources */ = {isa = PBXBuildFile; fileRef = 938768B7205905DE00D227EB /* AppDelegate.swift */; };
		938768BA205905DE00D227EB /* ViewController.swift in Sources */ = {isa = PBXBuildFile; fileRef = 938768B9205905DE00D227EB /* ViewController.swift */; };
		938768BD205905DE00D227EB /* Main.storyboard in Resources */ = {isa = PBXBuildFile; fileRef = 938768BB205905DE00D227EB /* Main.storyboard */; };
		938768BF205905DE00D227EB /* Assets.xcassets in Resources */ = {isa = PBXBuildFile; fileRef = 938768BE205905DE00D227EB /* Assets.xcassets */; };
		938768C2205905DE00D227EB /* LaunchScreen.storyboard in Resources */ = {isa = PBXBuildFile; fileRef = 938768C0205905DE00D227EB /* LaunchScreen.storyboard */; };
		938768CD205905DE00D227EB /* CPFWaterfallFlowLayoutAppTests.swift in Sources */ = {isa = PBXBuildFile; fileRef = 938768CC205905DE00D227EB /* CPFWaterfallFlowLayoutAppTests.swift */; };
		938768D8205905DE00D227EB /* CPFWaterfallFlowLayoutAppUITests.swift in Sources */ = {isa = PBXBuildFile; fileRef = 938768D7205905DE00D227EB /* CPFWaterfallFlowLayoutAppUITests.swift */; };
		938768E8205906B000D227EB /* CPFWaterfallFlowLayout.podspec in Resources */ = {isa = PBXBuildFile; fileRef = 938768E7205906B000D227EB /* CPFWaterfallFlowLayout.podspec */; };
		938768EC205906D000D227EB /* WaterfallLayout.swift in Sources */ = {isa = PBXBuildFile; fileRef = 938768E9205906CF00D227EB /* WaterfallLayout.swift */; };
		938768ED205906D000D227EB /* SectionData.swift in Sources */ = {isa = PBXBuildFile; fileRef = 938768EA205906CF00D227EB /* SectionData.swift */; };
		93B488EA26521F5E0065E9FE /* WaterfallLayout+Cpf.swift in Sources */ = {isa = PBXBuildFile; fileRef = 93B488E926521F5E0065E9FE /* WaterfallLayout+Cpf.swift */; };
		9695838576077E8DF060C21E /* Pods_CPFWaterfallFlowLayoutApp.framework in Frameworks */ = {isa = PBXBuildFile; fileRef = FC21B193520A75A0170D7DB4 /* Pods_CPFWaterfallFlowLayoutApp.framework */; };
/* End PBXBuildFile section */

/* Begin PBXContainerItemProxy section */
		938768C9205905DE00D227EB /* PBXContainerItemProxy */ = {
			isa = PBXContainerItemProxy;
			containerPortal = 938768AC205905DE00D227EB /* Project object */;
			proxyType = 1;
			remoteGlobalIDString = 938768B3205905DE00D227EB;
			remoteInfo = CPFWaterfallFlowLayoutApp;
		};
		938768D4205905DE00D227EB /* PBXContainerItemProxy */ = {
			isa = PBXContainerItemProxy;
			containerPortal = 938768AC205905DE00D227EB /* Project object */;
			proxyType = 1;
			remoteGlobalIDString = 938768B3205905DE00D227EB;
			remoteInfo = CPFWaterfallFlowLayoutApp;
		};
/* End PBXContainerItemProxy section */

/* Begin PBXFileReference section */
		62BBE05767FB0D9BB928D9F9 /* Pods-CPFWaterfallFlowLayoutApp.release.xcconfig */ = {isa = PBXFileReference; includeInIndex = 1; lastKnownFileType = text.xcconfig; name = "Pods-CPFWaterfallFlowLayoutApp.release.xcconfig"; path = "Target Support Files/Pods-CPFWaterfallFlowLayoutApp/Pods-CPFWaterfallFlowLayoutApp.release.xcconfig"; sourceTree = "<group>"; };
		938768B4205905DE00D227EB /* CPFWaterfallFlowLayoutApp.app */ = {isa = PBXFileReference; explicitFileType = wrapper.application; includeInIndex = 0; path = CPFWaterfallFlowLayoutApp.app; sourceTree = BUILT_PRODUCTS_DIR; };
		938768B7205905DE00D227EB /* AppDelegate.swift */ = {isa = PBXFileReference; lastKnownFileType = sourcecode.swift; path = AppDelegate.swift; sourceTree = "<group>"; };
		938768B9205905DE00D227EB /* ViewController.swift */ = {isa = PBXFileReference; lastKnownFileType = sourcecode.swift; path = ViewController.swift; sourceTree = "<group>"; };
		938768BC205905DE00D227EB /* Base */ = {isa = PBXFileReference; lastKnownFileType = file.storyboard; name = Base; path = Base.lproj/Main.storyboard; sourceTree = "<group>"; };
		938768BE205905DE00D227EB /* Assets.xcassets */ = {isa = PBXFileReference; lastKnownFileType = folder.assetcatalog; path = Assets.xcassets; sourceTree = "<group>"; };
		938768C1205905DE00D227EB /* Base */ = {isa = PBXFileReference; lastKnownFileType = file.storyboard; name = Base; path = Base.lproj/LaunchScreen.storyboard; sourceTree = "<group>"; };
		938768C3205905DE00D227EB /* Info.plist */ = {isa = PBXFileReference; lastKnownFileType = text.plist.xml; path = Info.plist; sourceTree = "<group>"; };
		938768C8205905DE00D227EB /* CPFWaterfallFlowLayoutAppTests.xctest */ = {isa = PBXFileReference; explicitFileType = wrapper.cfbundle; includeInIndex = 0; path = CPFWaterfallFlowLayoutAppTests.xctest; sourceTree = BUILT_PRODUCTS_DIR; };
		938768CC205905DE00D227EB /* CPFWaterfallFlowLayoutAppTests.swift */ = {isa = PBXFileReference; lastKnownFileType = sourcecode.swift; path = CPFWaterfallFlowLayoutAppTests.swift; sourceTree = "<group>"; };
		938768CE205905DE00D227EB /* Info.plist */ = {isa = PBXFileReference; lastKnownFileType = text.plist.xml; path = Info.plist; sourceTree = "<group>"; };
		938768D3205905DE00D227EB /* CPFWaterfallFlowLayoutAppUITests.xctest */ = {isa = PBXFileReference; explicitFileType = wrapper.cfbundle; includeInIndex = 0; path = CPFWaterfallFlowLayoutAppUITests.xctest; sourceTree = BUILT_PRODUCTS_DIR; };
		938768D7205905DE00D227EB /* CPFWaterfallFlowLayoutAppUITests.swift */ = {isa = PBXFileReference; lastKnownFileType = sourcecode.swift; path = CPFWaterfallFlowLayoutAppUITests.swift; sourceTree = "<group>"; };
		938768D9205905DE00D227EB /* Info.plist */ = {isa = PBXFileReference; lastKnownFileType = text.plist.xml; path = Info.plist; sourceTree = "<group>"; };
		938768E7205906B000D227EB /* CPFWaterfallFlowLayout.podspec */ = {isa = PBXFileReference; explicitFileType = text.script.ruby; fileEncoding = 4; path = CPFWaterfallFlowLayout.podspec; sourceTree = "<group>"; };
		938768E9205906CF00D227EB /* WaterfallLayout.swift */ = {isa = PBXFileReference; fileEncoding = 4; lastKnownFileType = sourcecode.swift; path = WaterfallLayout.swift; sourceTree = "<group>"; };
		938768EA205906CF00D227EB /* SectionData.swift */ = {isa = PBXFileReference; fileEncoding = 4; lastKnownFileType = sourcecode.swift; path = SectionData.swift; sourceTree = "<group>"; };
		93B488E926521F5E0065E9FE /* WaterfallLayout+Cpf.swift */ = {isa = PBXFileReference; lastKnownFileType = sourcecode.swift; path = "WaterfallLayout+Cpf.swift"; sourceTree = "<group>"; };
		BCC6B9E37316487AB1ACDB69 /* Pods-CPFWaterfallFlowLayoutApp.debug.xcconfig */ = {isa = PBXFileReference; includeInIndex = 1; lastKnownFileType = text.xcconfig; name = "Pods-CPFWaterfallFlowLayoutApp.debug.xcconfig"; path = "Target Support Files/Pods-CPFWaterfallFlowLayoutApp/Pods-CPFWaterfallFlowLayoutApp.debug.xcconfig"; sourceTree = "<group>"; };
		FC21B193520A75A0170D7DB4 /* Pods_CPFWaterfallFlowLayoutApp.framework */ = {isa = PBXFileReference; explicitFileType = wrapper.framework; includeInIndex = 0; path = Pods_CPFWaterfallFlowLayoutApp.framework; sourceTree = BUILT_PRODUCTS_DIR; };
/* End PBXFileReference section */

/* Begin PBXFrameworksBuildPhase section */
		938768B1205905DE00D227EB /* Frameworks */ = {
			isa = PBXFrameworksBuildPhase;
			buildActionMask = 2147483647;
			files = (
				9695838576077E8DF060C21E /* Pods_CPFWaterfallFlowLayoutApp.framework in Frameworks */,
			);
			runOnlyForDeploymentPostprocessing = 0;
		};
		938768C5205905DE00D227EB /* Frameworks */ = {
			isa = PBXFrameworksBuildPhase;
			buildActionMask = 2147483647;
			files = (
			);
			runOnlyForDeploymentPostprocessing = 0;
		};
		938768D0205905DE00D227EB /* Frameworks */ = {
			isa = PBXFrameworksBuildPhase;
			buildActionMask = 2147483647;
			files = (
			);
			runOnlyForDeploymentPostprocessing = 0;
		};
/* End PBXFrameworksBuildPhase section */

/* Begin PBXGroup section */
		938768AB205905DE00D227EB = {
			isa = PBXGroup;
			children = (
				938768E62059069C00D227EB /* PodSpec */,
				938768E52059069900D227EB /* Classes */,
				938768B6205905DE00D227EB /* CPFWaterfallFlowLayoutApp */,
				938768CB205905DE00D227EB /* CPFWaterfallFlowLayoutAppTests */,
				938768D6205905DE00D227EB /* CPFWaterfallFlowLayoutAppUITests */,
				938768B5205905DE00D227EB /* Products */,
				CEAA4DC182E9D8F3E81C2339 /* Pods */,
				AE5C498607BD27E056979BE4 /* Frameworks */,
			);
			sourceTree = "<group>";
		};
		938768B5205905DE00D227EB /* Products */ = {
			isa = PBXGroup;
			children = (
				938768B4205905DE00D227EB /* CPFWaterfallFlowLayoutApp.app */,
				938768C8205905DE00D227EB /* CPFWaterfallFlowLayoutAppTests.xctest */,
				938768D3205905DE00D227EB /* CPFWaterfallFlowLayoutAppUITests.xctest */,
			);
			name = Products;
			sourceTree = "<group>";
		};
		938768B6205905DE00D227EB /* CPFWaterfallFlowLayoutApp */ = {
			isa = PBXGroup;
			children = (
				938768B7205905DE00D227EB /* AppDelegate.swift */,
				938768B9205905DE00D227EB /* ViewController.swift */,
				938768BB205905DE00D227EB /* Main.storyboard */,
				938768BE205905DE00D227EB /* Assets.xcassets */,
				938768C0205905DE00D227EB /* LaunchScreen.storyboard */,
				938768C3205905DE00D227EB /* Info.plist */,
			);
			path = CPFWaterfallFlowLayoutApp;
			sourceTree = "<group>";
		};
		938768CB205905DE00D227EB /* CPFWaterfallFlowLayoutAppTests */ = {
			isa = PBXGroup;
			children = (
				938768CC205905DE00D227EB /* CPFWaterfallFlowLayoutAppTests.swift */,
				938768CE205905DE00D227EB /* Info.plist */,
			);
			path = CPFWaterfallFlowLayoutAppTests;
			sourceTree = "<group>";
		};
		938768D6205905DE00D227EB /* CPFWaterfallFlowLayoutAppUITests */ = {
			isa = PBXGroup;
			children = (
				938768D7205905DE00D227EB /* CPFWaterfallFlowLayoutAppUITests.swift */,
				938768D9205905DE00D227EB /* Info.plist */,
			);
			path = CPFWaterfallFlowLayoutAppUITests;
			sourceTree = "<group>";
		};
		938768E52059069900D227EB /* Classes */ = {
			isa = PBXGroup;
			children = (
				938768EA205906CF00D227EB /* SectionData.swift */,
				938768E9205906CF00D227EB /* WaterfallLayout.swift */,
				93B488E926521F5E0065E9FE /* WaterfallLayout+Cpf.swift */,
			);
			name = Classes;
			path = ../Classes;
			sourceTree = "<group>";
		};
		938768E62059069C00D227EB /* PodSpec */ = {
			isa = PBXGroup;
			children = (
				938768E7205906B000D227EB /* CPFWaterfallFlowLayout.podspec */,
			);
			name = PodSpec;
			path = ..;
			sourceTree = "<group>";
		};
		AE5C498607BD27E056979BE4 /* Frameworks */ = {
			isa = PBXGroup;
			children = (
				FC21B193520A75A0170D7DB4 /* Pods_CPFWaterfallFlowLayoutApp.framework */,
			);
			name = Frameworks;
			sourceTree = "<group>";
		};
		CEAA4DC182E9D8F3E81C2339 /* Pods */ = {
			isa = PBXGroup;
			children = (
				BCC6B9E37316487AB1ACDB69 /* Pods-CPFWaterfallFlowLayoutApp.debug.xcconfig */,
				62BBE05767FB0D9BB928D9F9 /* Pods-CPFWaterfallFlowLayoutApp.release.xcconfig */,
			);
			name = Pods;
			path = Pods;
			sourceTree = "<group>";
		};
/* End PBXGroup section */

/* Begin PBXNativeTarget section */
		938768B3205905DE00D227EB /* CPFWaterfallFlowLayoutApp */ = {
			isa = PBXNativeTarget;
			buildConfigurationList = 938768DC205905DE00D227EB /* Build configuration list for PBXNativeTarget "CPFWaterfallFlowLayoutApp" */;
			buildPhases = (
				FDA8E8BCF98EE8B8596BBB18 /* [CP] Check Pods Manifest.lock */,
				938768B0205905DE00D227EB /* Sources */,
				938768B1205905DE00D227EB /* Frameworks */,
				938768B2205905DE00D227EB /* Resources */,
				83430AAEC14B12195AE99019 /* [CP] Embed Pods Frameworks */,
			);
			buildRules = (
			);
			dependencies = (
			);
			name = CPFWaterfallFlowLayoutApp;
			productName = CPFWaterfallFlowLayoutApp;
			productReference = 938768B4205905DE00D227EB /* CPFWaterfallFlowLayoutApp.app */;
			productType = "com.apple.product-type.application";
		};
		938768C7205905DE00D227EB /* CPFWaterfallFlowLayoutAppTests */ = {
			isa = PBXNativeTarget;
			buildConfigurationList = 938768DF205905DE00D227EB /* Build configuration list for PBXNativeTarget "CPFWaterfallFlowLayoutAppTests" */;
			buildPhases = (
				938768C4205905DE00D227EB /* Sources */,
				938768C5205905DE00D227EB /* Frameworks */,
				938768C6205905DE00D227EB /* Resources */,
			);
			buildRules = (
			);
			dependencies = (
				938768CA205905DE00D227EB /* PBXTargetDependency */,
			);
			name = CPFWaterfallFlowLayoutAppTests;
			productName = CPFWaterfallFlowLayoutAppTests;
			productReference = 938768C8205905DE00D227EB /* CPFWaterfallFlowLayoutAppTests.xctest */;
			productType = "com.apple.product-type.bundle.unit-test";
		};
		938768D2205905DE00D227EB /* CPFWaterfallFlowLayoutAppUITests */ = {
			isa = PBXNativeTarget;
			buildConfigurationList = 938768E2205905DE00D227EB /* Build configuration list for PBXNativeTarget "CPFWaterfallFlowLayoutAppUITests" */;
			buildPhases = (
				938768CF205905DE00D227EB /* Sources */,
				938768D0205905DE00D227EB /* Frameworks */,
				938768D1205905DE00D227EB /* Resources */,
			);
			buildRules = (
			);
			dependencies = (
				938768D5205905DE00D227EB /* PBXTargetDependency */,
			);
			name = CPFWaterfallFlowLayoutAppUITests;
			productName = CPFWaterfallFlowLayoutAppUITests;
			productReference = 938768D3205905DE00D227EB /* CPFWaterfallFlowLayoutAppUITests.xctest */;
			productType = "com.apple.product-type.bundle.ui-testing";
		};
/* End PBXNativeTarget section */

/* Begin PBXProject section */
		938768AC205905DE00D227EB /* Project object */ = {
			isa = PBXProject;
			attributes = {
				LastSwiftUpdateCheck = 0920;
				LastUpgradeCheck = 1240;
				ORGANIZATIONNAME = Aaron;
				TargetAttributes = {
					938768B3205905DE00D227EB = {
						CreatedOnToolsVersion = 9.2;
						LastSwiftMigration = 1240;
						ProvisioningStyle = Automatic;
					};
					938768C7205905DE00D227EB = {
						CreatedOnToolsVersion = 9.2;
						LastSwiftMigration = 1240;
						ProvisioningStyle = Automatic;
						TestTargetID = 938768B3205905DE00D227EB;
					};
					938768D2205905DE00D227EB = {
						CreatedOnToolsVersion = 9.2;
						LastSwiftMigration = 1240;
						ProvisioningStyle = Automatic;
						TestTargetID = 938768B3205905DE00D227EB;
					};
				};
			};
			buildConfigurationList = 938768AF205905DE00D227EB /* Build configuration list for PBXProject "CPFWaterfallFlowLayoutApp" */;
			compatibilityVersion = "Xcode 8.0";
			developmentRegion = en;
			hasScannedForEncodings = 0;
			knownRegions = (
				en,
				Base,
			);
			mainGroup = 938768AB205905DE00D227EB;
			productRefGroup = 938768B5205905DE00D227EB /* Products */;
			projectDirPath = "";
			projectRoot = "";
			targets = (
				938768B3205905DE00D227EB /* CPFWaterfallFlowLayoutApp */,
				938768C7205905DE00D227EB /* CPFWaterfallFlowLayoutAppTests */,
				938768D2205905DE00D227EB /* CPFWaterfallFlowLayoutAppUITests */,
			);
		};
/* End PBXProject section */

/* Begin PBXResourcesBuildPhase section */
		938768B2205905DE00D227EB /* Resources */ = {
			isa = PBXResourcesBuildPhase;
			buildActionMask = 2147483647;
			files = (
				938768C2205905DE00D227EB /* LaunchScreen.storyboard in Resources */,
				938768BF205905DE00D227EB /* Assets.xcassets in Resources */,
				938768BD205905DE00D227EB /* Main.storyboard in Resources */,
				938768E8205906B000D227EB /* CPFWaterfallFlowLayout.podspec in Resources */,
			);
			runOnlyForDeploymentPostprocessing = 0;
		};
		938768C6205905DE00D227EB /* Resources */ = {
			isa = PBXResourcesBuildPhase;
			buildActionMask = 2147483647;
			files = (
			);
			runOnlyForDeploymentPostprocessing = 0;
		};
		938768D1205905DE00D227EB /* Resources */ = {
			isa = PBXResourcesBuildPhase;
			buildActionMask = 2147483647;
			files = (
			);
			runOnlyForDeploymentPostprocessing = 0;
		};
/* End PBXResourcesBuildPhase section */

/* Begin PBXShellScriptBuildPhase section */
		83430AAEC14B12195AE99019 /* [CP] Embed Pods Frameworks */ = {
			isa = PBXShellScriptBuildPhase;
			buildActionMask = 2147483647;
			files = (
			);
			inputPaths = (
				"${PODS_ROOT}/Target Support Files/Pods-CPFWaterfallFlowLayoutApp/Pods-CPFWaterfallFlowLayoutApp-frameworks.sh",
				"${BUILT_PRODUCTS_DIR}/CPFChain/CPFChain.framework",
			);
			name = "[CP] Embed Pods Frameworks";
			outputPaths = (
				"${TARGET_BUILD_DIR}/${FRAMEWORKS_FOLDER_PATH}/CPFChain.framework",
			);
			runOnlyForDeploymentPostprocessing = 0;
			shellPath = /bin/sh;
			shellScript = "\"${PODS_ROOT}/Target Support Files/Pods-CPFWaterfallFlowLayoutApp/Pods-CPFWaterfallFlowLayoutApp-frameworks.sh\"\n";
			showEnvVarsInLog = 0;
		};
		FDA8E8BCF98EE8B8596BBB18 /* [CP] Check Pods Manifest.lock */ = {
			isa = PBXShellScriptBuildPhase;
			buildActionMask = 2147483647;
			files = (
			);
			inputFileListPaths = (
			);
			inputPaths = (
				"${PODS_PODFILE_DIR_PATH}/Podfile.lock",
				"${PODS_ROOT}/Manifest.lock",
			);
			name = "[CP] Check Pods Manifest.lock";
			outputFileListPaths = (
			);
			outputPaths = (
				"$(DERIVED_FILE_DIR)/Pods-CPFWaterfallFlowLayoutApp-checkManifestLockResult.txt",
			);
			runOnlyForDeploymentPostprocessing = 0;
			shellPath = /bin/sh;
			shellScript = "diff \"${PODS_PODFILE_DIR_PATH}/Podfile.lock\" \"${PODS_ROOT}/Manifest.lock\" > /dev/null\nif [ $? != 0 ] ; then\n    # print error to STDERR\n    echo \"error: The sandbox is not in sync with the Podfile.lock. Run 'pod install' or update your CocoaPods installation.\" >&2\n    exit 1\nfi\n# This output is used by Xcode 'outputs' to avoid re-running this script phase.\necho \"SUCCESS\" > \"${SCRIPT_OUTPUT_FILE_0}\"\n";
			showEnvVarsInLog = 0;
		};
/* End PBXShellScriptBuildPhase section */

/* Begin PBXSourcesBuildPhase section */
		938768B0205905DE00D227EB /* Sources */ = {
			isa = PBXSourcesBuildPhase;
			buildActionMask = 2147483647;
			files = (
				938768BA205905DE00D227EB /* ViewController.swift in Sources */,
				938768EC205906D000D227EB /* WaterfallLayout.swift in Sources */,
				938768B8205905DE00D227EB /* AppDelegate.swift in Sources */,
				938768ED205906D000D227EB /* SectionData.swift in Sources */,
				93B488EA26521F5E0065E9FE /* WaterfallLayout+Cpf.swift in Sources */,
			);
			runOnlyForDeploymentPostprocessing = 0;
		};
		938768C4205905DE00D227EB /* Sources */ = {
			isa = PBXSourcesBuildPhase;
			buildActionMask = 2147483647;
			files = (
				938768CD205905DE00D227EB /* CPFWaterfallFlowLayoutAppTests.swift in Sources */,
			);
			runOnlyForDeploymentPostprocessing = 0;
		};
		938768CF205905DE00D227EB /* Sources */ = {
			isa = PBXSourcesBuildPhase;
			buildActionMask = 2147483647;
			files = (
				938768D8205905DE00D227EB /* CPFWaterfallFlowLayoutAppUITests.swift in Sources */,
			);
			runOnlyForDeploymentPostprocessing = 0;
		};
/* End PBXSourcesBuildPhase section */

/* Begin PBXTargetDependency section */
		938768CA205905DE00D227EB /* PBXTargetDependency */ = {
			isa = PBXTargetDependency;
			target = 938768B3205905DE00D227EB /* CPFWaterfallFlowLayoutApp */;
			targetProxy = 938768C9205905DE00D227EB /* PBXContainerItemProxy */;
		};
		938768D5205905DE00D227EB /* PBXTargetDependency */ = {
			isa = PBXTargetDependency;
			target = 938768B3205905DE00D227EB /* CPFWaterfallFlowLayoutApp */;
			targetProxy = 938768D4205905DE00D227EB /* PBXContainerItemProxy */;
		};
/* End PBXTargetDependency section */

/* Begin PBXVariantGroup section */
		938768BB205905DE00D227EB /* Main.storyboard */ = {
			isa = PBXVariantGroup;
			children = (
				938768BC205905DE00D227EB /* Base */,
			);
			name = Main.storyboard;
			sourceTree = "<group>";
		};
		938768C0205905DE00D227EB /* LaunchScreen.storyboard */ = {
			isa = PBXVariantGroup;
			children = (
				938768C1205905DE00D227EB /* Base */,
			);
			name = LaunchScreen.storyboard;
			sourceTree = "<group>";
		};
/* End PBXVariantGroup section */

/* Begin XCBuildConfiguration section */
		938768DA205905DE00D227EB /* Debug */ = {
			isa = XCBuildConfiguration;
			buildSettings = {
				ALWAYS_SEARCH_USER_PATHS = NO;
				CLANG_ANALYZER_NONNULL = YES;
				CLANG_ANALYZER_NUMBER_OBJECT_CONVERSION = YES_AGGRESSIVE;
				CLANG_CXX_LANGUAGE_STANDARD = "gnu++14";
				CLANG_CXX_LIBRARY = "libc++";
				CLANG_ENABLE_MODULES = YES;
				CLANG_ENABLE_OBJC_ARC = YES;
				CLANG_WARN_BLOCK_CAPTURE_AUTORELEASING = YES;
				CLANG_WARN_BOOL_CONVERSION = YES;
				CLANG_WARN_COMMA = YES;
				CLANG_WARN_CONSTANT_CONVERSION = YES;
				CLANG_WARN_DEPRECATED_OBJC_IMPLEMENTATIONS = YES;
				CLANG_WARN_DIRECT_OBJC_ISA_USAGE = YES_ERROR;
				CLANG_WARN_DOCUMENTATION_COMMENTS = YES;
				CLANG_WARN_EMPTY_BODY = YES;
				CLANG_WARN_ENUM_CONVERSION = YES;
				CLANG_WARN_INFINITE_RECURSION = YES;
				CLANG_WARN_INT_CONVERSION = YES;
				CLANG_WARN_NON_LITERAL_NULL_CONVERSION = YES;
				CLANG_WARN_OBJC_IMPLICIT_RETAIN_SELF = YES;
				CLANG_WARN_OBJC_LITERAL_CONVERSION = YES;
				CLANG_WARN_OBJC_ROOT_CLASS = YES_ERROR;
				CLANG_WARN_QUOTED_INCLUDE_IN_FRAMEWORK_HEADER = YES;
				CLANG_WARN_RANGE_LOOP_ANALYSIS = YES;
				CLANG_WARN_STRICT_PROTOTYPES = YES;
				CLANG_WARN_SUSPICIOUS_MOVE = YES;
				CLANG_WARN_UNGUARDED_AVAILABILITY = YES_AGGRESSIVE;
				CLANG_WARN_UNREACHABLE_CODE = YES;
				CLANG_WARN__DUPLICATE_METHOD_MATCH = YES;
				CODE_SIGN_IDENTITY = "iPhone Developer";
				COPY_PHASE_STRIP = NO;
				DEBUG_INFORMATION_FORMAT = dwarf;
				ENABLE_STRICT_OBJC_MSGSEND = YES;
				ENABLE_TESTABILITY = YES;
				GCC_C_LANGUAGE_STANDARD = gnu11;
				GCC_DYNAMIC_NO_PIC = NO;
				GCC_NO_COMMON_BLOCKS = YES;
				GCC_OPTIMIZATION_LEVEL = 0;
				GCC_PREPROCESSOR_DEFINITIONS = (
					"DEBUG=1",
					"$(inherited)",
				);
				GCC_WARN_64_TO_32_BIT_CONVERSION = YES;
				GCC_WARN_ABOUT_RETURN_TYPE = YES_ERROR;
				GCC_WARN_UNDECLARED_SELECTOR = YES;
				GCC_WARN_UNINITIALIZED_AUTOS = YES_AGGRESSIVE;
				GCC_WARN_UNUSED_FUNCTION = YES;
				GCC_WARN_UNUSED_VARIABLE = YES;
				IPHONEOS_DEPLOYMENT_TARGET = 11.2;
				MTL_ENABLE_DEBUG_INFO = YES;
				ONLY_ACTIVE_ARCH = YES;
				SDKROOT = iphoneos;
				SWIFT_ACTIVE_COMPILATION_CONDITIONS = DEBUG;
				SWIFT_OPTIMIZATION_LEVEL = "-Onone";
			};
			name = Debug;
		};
		938768DB205905DE00D227EB /* Release */ = {
			isa = XCBuildConfiguration;
			buildSettings = {
				ALWAYS_SEARCH_USER_PATHS = NO;
				CLANG_ANALYZER_NONNULL = YES;
				CLANG_ANALYZER_NUMBER_OBJECT_CONVERSION = YES_AGGRESSIVE;
				CLANG_CXX_LANGUAGE_STANDARD = "gnu++14";
				CLANG_CXX_LIBRARY = "libc++";
				CLANG_ENABLE_MODULES = YES;
				CLANG_ENABLE_OBJC_ARC = YES;
				CLANG_WARN_BLOCK_CAPTURE_AUTORELEASING = YES;
				CLANG_WARN_BOOL_CONVERSION = YES;
				CLANG_WARN_COMMA = YES;
				CLANG_WARN_CONSTANT_CONVERSION = YES;
				CLANG_WARN_DEPRECATED_OBJC_IMPLEMENTATIONS = YES;
				CLANG_WARN_DIRECT_OBJC_ISA_USAGE = YES_ERROR;
				CLANG_WARN_DOCUMENTATION_COMMENTS = YES;
				CLANG_WARN_EMPTY_BODY = YES;
				CLANG_WARN_ENUM_CONVERSION = YES;
				CLANG_WARN_INFINITE_RECURSION = YES;
				CLANG_WARN_INT_CONVERSION = YES;
				CLANG_WARN_NON_LITERAL_NULL_CONVERSION = YES;
				CLANG_WARN_OBJC_IMPLICIT_RETAIN_SELF = YES;
				CLANG_WARN_OBJC_LITERAL_CONVERSION = YES;
				CLANG_WARN_OBJC_ROOT_CLASS = YES_ERROR;
				CLANG_WARN_QUOTED_INCLUDE_IN_FRAMEWORK_HEADER = YES;
				CLANG_WARN_RANGE_LOOP_ANALYSIS = YES;
				CLANG_WARN_STRICT_PROTOTYPES = YES;
				CLANG_WARN_SUSPICIOUS_MOVE = YES;
				CLANG_WARN_UNGUARDED_AVAILABILITY = YES_AGGRESSIVE;
				CLANG_WARN_UNREACHABLE_CODE = YES;
				CLANG_WARN__DUPLICATE_METHOD_MATCH = YES;
				CODE_SIGN_IDENTITY = "iPhone Developer";
				COPY_PHASE_STRIP = NO;
				DEBUG_INFORMATION_FORMAT = "dwarf-with-dsym";
				ENABLE_NS_ASSERTIONS = NO;
				ENABLE_STRICT_OBJC_MSGSEND = YES;
				GCC_C_LANGUAGE_STANDARD = gnu11;
				GCC_NO_COMMON_BLOCKS = YES;
				GCC_WARN_64_TO_32_BIT_CONVERSION = YES;
				GCC_WARN_ABOUT_RETURN_TYPE = YES_ERROR;
				GCC_WARN_UNDECLARED_SELECTOR = YES;
				GCC_WARN_UNINITIALIZED_AUTOS = YES_AGGRESSIVE;
				GCC_WARN_UNUSED_FUNCTION = YES;
				GCC_WARN_UNUSED_VARIABLE = YES;
				IPHONEOS_DEPLOYMENT_TARGET = 11.2;
				MTL_ENABLE_DEBUG_INFO = NO;
				SDKROOT = iphoneos;
				SWIFT_OPTIMIZATION_LEVEL = "-Owholemodule";
				VALIDATE_PRODUCT = YES;
			};
			name = Release;
		};
		938768DD205905DE00D227EB /* Debug */ = {
			isa = XCBuildConfiguration;
			baseConfigurationReference = BCC6B9E37316487AB1ACDB69 /* Pods-CPFWaterfallFlowLayoutApp.debug.xcconfig */;
			buildSettings = {
				ASSETCATALOG_COMPILER_APPICON_NAME = AppIcon;
				CODE_SIGN_STYLE = Automatic;
				DEVELOPMENT_TEAM = 628CHGGHXP;
				INFOPLIST_FILE = CPFWaterfallFlowLayoutApp/Info.plist;
				IPHONEOS_DEPLOYMENT_TARGET = 9.0;
				LD_RUNPATH_SEARCH_PATHS = "$(inherited) @executable_path/Frameworks";
				PRODUCT_BUNDLE_IDENTIFIER = com.aaron.oschina.CPFWaterfallFlowLayoutApp;
				PRODUCT_NAME = "$(TARGET_NAME)";
				SWIFT_VERSION = 5.0;
				TARGETED_DEVICE_FAMILY = "1,2";
			};
			name = Debug;
		};
		938768DE205905DE00D227EB /* Release */ = {
			isa = XCBuildConfiguration;
			baseConfigurationReference = 62BBE05767FB0D9BB928D9F9 /* Pods-CPFWaterfallFlowLayoutApp.release.xcconfig */;
			buildSettings = {
				ASSETCATALOG_COMPILER_APPICON_NAME = AppIcon;
				CODE_SIGN_STYLE = Automatic;
				DEVELOPMENT_TEAM = 628CHGGHXP;
				INFOPLIST_FILE = CPFWaterfallFlowLayoutApp/Info.plist;
				IPHONEOS_DEPLOYMENT_TARGET = 9.0;
				LD_RUNPATH_SEARCH_PATHS = "$(inherited) @executable_path/Frameworks";
				PRODUCT_BUNDLE_IDENTIFIER = com.aaron.oschina.CPFWaterfallFlowLayoutApp;
				PRODUCT_NAME = "$(TARGET_NAME)";
				SWIFT_VERSION = 5.0;
				TARGETED_DEVICE_FAMILY = "1,2";
			};
			name = Release;
		};
		938768E0205905DE00D227EB /* Debug */ = {
			isa = XCBuildConfiguration;
			buildSettings = {
				ALWAYS_EMBED_SWIFT_STANDARD_LIBRARIES = YES;
				BUNDLE_LOADER = "$(TEST_HOST)";
				CODE_SIGN_STYLE = Automatic;
				INFOPLIST_FILE = CPFWaterfallFlowLayoutAppTests/Info.plist;
				LD_RUNPATH_SEARCH_PATHS = "$(inherited) @executable_path/Frameworks @loader_path/Frameworks";
				PRODUCT_BUNDLE_IDENTIFIER = com.aaron.oschina.CPFWaterfallFlowLayoutAppTests;
				PRODUCT_NAME = "$(TARGET_NAME)";
				SWIFT_VERSION = 5.0;
				TARGETED_DEVICE_FAMILY = "1,2";
				TEST_HOST = "$(BUILT_PRODUCTS_DIR)/CPFWaterfallFlowLayoutApp.app/CPFWaterfallFlowLayoutApp";
			};
			name = Debug;
		};
		938768E1205905DE00D227EB /* Release */ = {
			isa = XCBuildConfiguration;
			buildSettings = {
				ALWAYS_EMBED_SWIFT_STANDARD_LIBRARIES = YES;
				BUNDLE_LOADER = "$(TEST_HOST)";
				CODE_SIGN_STYLE = Automatic;
				INFOPLIST_FILE = CPFWaterfallFlowLayoutAppTests/Info.plist;
				LD_RUNPATH_SEARCH_PATHS = "$(inherited) @executable_path/Frameworks @loader_path/Frameworks";
				PRODUCT_BUNDLE_IDENTIFIER = com.aaron.oschina.CPFWaterfallFlowLayoutAppTests;
				PRODUCT_NAME = "$(TARGET_NAME)";
				SWIFT_VERSION = 5.0;
				TARGETED_DEVICE_FAMILY = "1,2";
				TEST_HOST = "$(BUILT_PRODUCTS_DIR)/CPFWaterfallFlowLayoutApp.app/CPFWaterfallFlowLayoutApp";
			};
			name = Release;
		};
		938768E3205905DE00D227EB /* Debug */ = {
			isa = XCBuildConfiguration;
			buildSettings = {
				ALWAYS_EMBED_SWIFT_STANDARD_LIBRARIES = YES;
				CODE_SIGN_STYLE = Automatic;
				INFOPLIST_FILE = CPFWaterfallFlowLayoutAppUITests/Info.plist;
				LD_RUNPATH_SEARCH_PATHS = "$(inherited) @executable_path/Frameworks @loader_path/Frameworks";
				PRODUCT_BUNDLE_IDENTIFIER = com.aaron.oschina.CPFWaterfallFlowLayoutAppUITests;
				PRODUCT_NAME = "$(TARGET_NAME)";
				SWIFT_VERSION = 5.0;
				TARGETED_DEVICE_FAMILY = "1,2";
				TEST_TARGET_NAME = CPFWaterfallFlowLayoutApp;
			};
			name = Debug;
		};
		938768E4205905DE00D227EB /* Release */ = {
			isa = XCBuildConfiguration;
			buildSettings = {
				ALWAYS_EMBED_SWIFT_STANDARD_LIBRARIES = YES;
				CODE_SIGN_STYLE = Automatic;
				INFOPLIST_FILE = CPFWaterfallFlowLayoutAppUITests/Info.plist;
				LD_RUNPATH_SEARCH_PATHS = "$(inherited) @executable_path/Frameworks @loader_path/Frameworks";
				PRODUCT_BUNDLE_IDENTIFIER = com.aaron.oschina.CPFWaterfallFlowLayoutAppUITests;
				PRODUCT_NAME = "$(TARGET_NAME)";
				SWIFT_VERSION = 5.0;
				TARGETED_DEVICE_FAMILY = "1,2";
				TEST_TARGET_NAME = CPFWaterfallFlowLayoutApp;
			};
			name = Release;
		};
/* End XCBuildConfiguration section */

/* Begin XCConfigurationList section */
		938768AF205905DE00D227EB /* Build configuration list for PBXProject "CPFWaterfallFlowLayoutApp" */ = {
			isa = XCConfigurationList;
			buildConfigurations = (
				938768DA205905DE00D227EB /* Debug */,
				938768DB205905DE00D227EB /* Release */,
			);
			defaultConfigurationIsVisible = 0;
			defaultConfigurationName = Release;
		};
		938768DC205905DE00D227EB /* Build configuration list for PBXNativeTarget "CPFWaterfallFlowLayoutApp" */ = {
			isa = XCConfigurationList;
			buildConfigurations = (
				938768DD205905DE00D227EB /* Debug */,
				938768DE205905DE00D227EB /* Release */,
			);
			defaultConfigurationIsVisible = 0;
			defaultConfigurationName = Release;
		};
		938768DF205905DE00D227EB /* Build configuration list for PBXNativeTarget "CPFWaterfallFlowLayoutAppTests" */ = {
			isa = XCConfigurationList;
			buildConfigurations = (
				938768E0205905DE00D227EB /* Debug */,
				938768E1205905DE00D227EB /* Release */,
			);
			defaultConfigurationIsVisible = 0;
			defaultConfigurationName = Release;
		};
		938768E2205905DE00D227EB /* Build configuration list for PBXNativeTarget "CPFWaterfallFlowLayoutAppUITests" */ = {
			isa = XCConfigurationList;
			buildConfigurations = (
				938768E3205905DE00D227EB /* Debug */,
				938768E4205905DE00D227EB /* Release */,
			);
			defaultConfigurationIsVisible = 0;
			defaultConfigurationName = Release;
		};
/* End XCConfigurationList section */
	};
	rootObject = 938768AC205905DE00D227EB /* Project object */;
}
